<?xml version="1.0" encoding="utf-8"?>
<Project ToolsVersion="4.0" xmlns="http://schemas.microsoft.com/developer/msbuild/2003">
  <ItemGroup>
    <ClCompile Include="main.cpp" />
    <ClCompile Include="AladdinCharacter.cpp">
      <Filter>AladdinCharacter</Filter>
    </ClCompile>
    <ClCompile Include="AladdinGame.cpp">
      <Filter>Framework</Filter>
    </ClCompile>
    <ClCompile Include="AladdinState.cpp">
      <Filter>AladdinCharacter</Filter>
    </ClCompile>
    <ClCompile Include="Camel.cpp">
      <Filter>Object</Filter>
    </ClCompile>
    <ClCompile Include="Camera.cpp">
      <Filter>Framework</Filter>
    </ClCompile>
    <ClCompile Include="Collision.cpp">
      <Filter>Framework</Filter>
    </ClCompile>
    <ClCompile Include="CTreeObject.cpp">
      <Filter>Framework\QuadTree</Filter>
    </ClCompile>
    <ClCompile Include="DemoScene.cpp">
      <Filter>Scene</Filter>
    </ClCompile>
    <ClCompile Include="DemoMap.cpp">
      <Filter>Scene\Map</Filter>
    </ClCompile>
    <ClCompile Include="Game.cpp">
      <Filter>Framework</Filter>
    </ClCompile>
    <ClCompile Include="GameLog.cpp">
      <Filter>Framework</Filter>
    </ClCompile>
    <ClCompile Include="GameVisibleEntity.cpp">
      <Filter>Object</Filter>
    </ClCompile>
    <ClCompile Include="Global.cpp">
      <Filter>Framework</Filter>
    </ClCompile>
    <ClCompile Include="GraphicsHelper.cpp">
      <Filter>Framework</Filter>
    </ClCompile>
    <ClCompile Include="IntroScene.cpp">
      <Filter>Scene</Filter>
    </ClCompile>
    <ClCompile Include="KeyboardHelper.cpp">
      <Filter>Framework</Filter>
    </ClCompile>
    <ClCompile Include="Map.cpp">
      <Filter>Scene\Map</Filter>
    </ClCompile>
    <ClCompile Include="MyRECT.cpp">
      <Filter>Framework</Filter>
    </ClCompile>
    <ClCompile Include="ObjectState.cpp">
      <Filter>Object</Filter>
    </ClCompile>
    <ClCompile Include="ObjectStateWithLoop.cpp">
      <Filter>Object</Filter>
    </ClCompile>
    <ClCompile Include="SceneManager.cpp">
      <Filter>Framework</Filter>
    </ClCompile>
    <ClCompile Include="Sprite.cpp">
      <Filter>Framework</Filter>
    </ClCompile>
    <ClCompile Include="QNode.cpp">
      <Filter>Framework\QuadTree</Filter>
    </ClCompile>
    <ClCompile Include="QuadTree.cpp">
      <Filter>Framework\QuadTree</Filter>
    </ClCompile>
    <ClCompile Include="StoppingDust.cpp">
      <Filter>Object</Filter>
    </ClCompile>
    <ClCompile Include="ThrowApple.cpp">
      <Filter>Object</Filter>
    </ClCompile>
    <ClCompile Include="Ultils.cpp">
      <Filter>Framework</Filter>
    </ClCompile>
    <ClCompile Include="ViewPort.cpp">
      <Filter>Framework</Filter>
    </ClCompile>
    <ClCompile Include="ThrowPotEnemy.cpp">
      <Filter>Object\Enemy</Filter>
    </ClCompile>
    <ClCompile Include="ThrowPot.cpp">
      <Filter>Object\Enemy</Filter>
    </ClCompile>
    <ClCompile Include="Ground.cpp">
      <Filter>Object\StaticObject</Filter>
    </ClCompile>
    <ClCompile Include="Wall.cpp">
      <Filter>Object\StaticObject</Filter>
    </ClCompile>
    <ClCompile Include="Stair.cpp">
      <Filter>Object\StaticObject</Filter>
    </ClCompile>
    <ClCompile Include="Rope.cpp">
      <Filter>Object\StaticObject</Filter>
    </ClCompile>
    <ClCompile Include="Block.cpp" />
    <ClCompile Include="Apple.cpp" />
    <ClCompile Include="Enemy3.cpp">
      <Filter>Object\Enemy</Filter>
    </ClCompile>
    <ClCompile Include="Enemy.cpp">
      <Filter>Object\Enemy</Filter>
    </ClCompile>
    <ClCompile Include="Enemy1.cpp">
      <Filter>Object\Enemy</Filter>
    </ClCompile>
    <ClCompile Include="SceneInformation.cpp" />
    <ClCompile Include="Alphabet.cpp" />
    <ClCompile Include="StairFlagChange.cpp" />
    <ClCompile Include="CollapseGround.cpp" />
    <ClCompile Include="SwingBar.cpp" />
    <ClCompile Include="JumpBar.cpp">
      <Filter>Object</Filter>
    </ClCompile>
    <ClCompile Include="Fire.cpp">
      <Filter>Object\Enemy</Filter>
    </ClCompile>
    <ClCompile Include="FireGround.cpp">
      <Filter>Object\StaticObject</Filter>
    </ClCompile>
    <ClCompile Include="Enemy2.cpp" />
    <ClCompile Include="SlideColumn.cpp" />
  </ItemGroup>
  <ItemGroup>
    <ClInclude Include="AladdinCharacter.h">
      <Filter>AladdinCharacter</Filter>
    </ClInclude>
    <ClInclude Include="AladdinGame.h">
      <Filter>Framework</Filter>
    </ClInclude>
    <ClInclude Include="AladdinState.h">
      <Filter>AladdinCharacter</Filter>
    </ClInclude>
    <ClInclude Include="Camel.h">
      <Filter>Object</Filter>
    </ClInclude>
    <ClInclude Include="Camera.h">
      <Filter>Framework</Filter>
    </ClInclude>
    <ClInclude Include="Collision.h">
      <Filter>Framework</Filter>
    </ClInclude>
    <ClInclude Include="CTreeObject.h">
      <Filter>Framework\QuadTree</Filter>
    </ClInclude>
    <ClInclude Include="DemoScene.h">
      <Filter>Scene</Filter>
    </ClInclude>
    <ClInclude Include="DemoMap.h">
      <Filter>Scene\Map</Filter>
    </ClInclude>
    <ClInclude Include="Game.h">
      <Filter>Framework</Filter>
    </ClInclude>
    <ClInclude Include="GameLog.h">
      <Filter>Framework</Filter>
    </ClInclude>
    <ClInclude Include="GameVisibleEntity.h">
      <Filter>Object</Filter>
    </ClInclude>
    <ClInclude Include="Global.h">
      <Filter>Framework</Filter>
    </ClInclude>
    <ClInclude Include="GraphicsHelper.h">
      <Filter>Framework</Filter>
    </ClInclude>
    <ClInclude Include="IntroScene.h">
      <Filter>Scene</Filter>
    </ClInclude>
    <ClInclude Include="KeyboardHelper.h">
      <Filter>Framework</Filter>
    </ClInclude>
    <ClInclude Include="Map.h">
      <Filter>Scene\Map</Filter>
    </ClInclude>
    <ClInclude Include="MyRECT.h">
      <Filter>Framework</Filter>
    </ClInclude>
    <ClInclude Include="IScene.h">
      <Filter>Scene</Filter>
    </ClInclude>
    <ClInclude Include="ObjectState.h">
      <Filter>Object</Filter>
    </ClInclude>
    <ClInclude Include="ObjectStateWithLoop.h">
      <Filter>Object</Filter>
    </ClInclude>
    <ClInclude Include="SceneManager.h">
      <Filter>Framework</Filter>
    </ClInclude>
    <ClInclude Include="Sprite.h">
      <Filter>Framework</Filter>
    </ClInclude>
    <ClInclude Include="QNode.h">
      <Filter>Framework\QuadTree</Filter>
    </ClInclude>
    <ClInclude Include="QuadTree.h">
      <Filter>Framework\QuadTree</Filter>
    </ClInclude>
    <ClInclude Include="StoppingDust.h">
      <Filter>Object</Filter>
    </ClInclude>
    <ClInclude Include="ThrowApple.h">
      <Filter>Object</Filter>
    </ClInclude>
    <ClInclude Include="Ultils.h">
      <Filter>Framework</Filter>
    </ClInclude>
    <ClInclude Include="ViewPort.h">
      <Filter>Framework</Filter>
    </ClInclude>
    <ClInclude Include="ThrowPotEnemy.h">
      <Filter>Object\Enemy</Filter>
    </ClInclude>
    <ClInclude Include="ThrowPot.h">
      <Filter>Object\Enemy</Filter>
    </ClInclude>
    <ClInclude Include="Ground.h">
      <Filter>Object\StaticObject</Filter>
    </ClInclude>
    <ClInclude Include="Wall.h">
      <Filter>Object\StaticObject</Filter>
    </ClInclude>
    <ClInclude Include="Stair.h">
      <Filter>Object\StaticObject</Filter>
    </ClInclude>
    <ClInclude Include="Rope.h">
      <Filter>Object\StaticObject</Filter>
    </ClInclude>
    <ClInclude Include="Block.h">
      <Filter>Object\StaticObject</Filter>
    </ClInclude>
    <ClInclude Include="Apple.h">
      <Filter>Object</Filter>
    </ClInclude>
    <ClInclude Include="Enemy.h">
      <Filter>Object\Enemy</Filter>
    </ClInclude>
    <ClInclude Include="Enemy3.h">
      <Filter>Object\Enemy</Filter>
    </ClInclude>
    <ClInclude Include="Enemy1.h">
      <Filter>Object\Enemy</Filter>
    </ClInclude>
    <ClInclude Include="SceneInformation.h" />
    <ClInclude Include="Alphabet.h">
      <Filter>Object</Filter>
    </ClInclude>
    <ClInclude Include="StairFlagChange.h">
      <Filter>Object\StaticObject</Filter>
    </ClInclude>
    <ClInclude Include="CollapseGround.h">
      <Filter>Object\StaticObject</Filter>
    </ClInclude>
    <ClInclude Include="SwingBar.h">
      <Filter>Object\StaticObject</Filter>
    </ClInclude>
    <ClInclude Include="JumpBar.h">
      <Filter>Object\StaticObject</Filter>
    </ClInclude>
    <ClInclude Include="FireGround.h">
      <Filter>Object\StaticObject</Filter>
    </ClInclude>
    <ClInclude Include="Fire.h">
      <Filter>Object\Enemy</Filter>
    </ClInclude>
    <ClInclude Include="Enemy2.h">
      <Filter>Object\Enemy</Filter>
    </ClInclude>
    <ClInclude Include="SlideColumn.h">
      <Filter>Object\StaticObject</Filter>
    </ClInclude>
  </ItemGroup>
  <ItemGroup>
    <None Include="ClassDiagram.cd" />
    <None Include="ClassDiagram1.cd" />
    <None Include="ClassDiagram2.cd" />
  </ItemGroup>
  <ItemGroup>
    <Filter Include="Framework">
      <UniqueIdentifier>{6577f5dd-9b82-4012-9531-fdfd0e82ac8a}</UniqueIdentifier>
    </Filter>
    <Filter Include="Object">
      <UniqueIdentifier>{cbaea0e4-68c1-4be6-89be-e99b167ccadf}</UniqueIdentifier>
    </Filter>
    <Filter Include="AladdinCharacter">
      <UniqueIdentifier>{c8fc0ad8-9170-475b-a9c9-ba4a06c5a17a}</UniqueIdentifier>
    </Filter>
    <Filter Include="Framework\QuadTree">
      <UniqueIdentifier>{376a5b95-dc75-49f3-ac8b-6f1931032c2e}</UniqueIdentifier>
    </Filter>
    <Filter Include="Scene">
      <UniqueIdentifier>{73276929-5ef4-464d-a252-2321a648d01f}</UniqueIdentifier>
    </Filter>
    <Filter Include="Scene\Map">
      <UniqueIdentifier>{1e4e403c-7651-4116-81c9-71de24c1ffd7}</UniqueIdentifier>
    </Filter>
    <Filter Include="Object\Enemy">
      <UniqueIdentifier>{c08d2cc6-0af3-404c-a30a-7f393b8b756f}</UniqueIdentifier>
    </Filter>
    <Filter Include="Object\StaticObject">
      <UniqueIdentifier>{66cb1264-192a-4a9e-b603-5af4a2901c65}</UniqueIdentifier>
    </Filter>
  </ItemGroup>
</Project>