<?xml version="1.0" encoding="utf-8"?>
<Project ToolsVersion="4.0" xmlns="http://schemas.microsoft.com/developer/msbuild/2003">
  <ItemGroup>
    <Filter Include="Source Files">
      <UniqueIdentifier>{4FC737F1-C7A5-4376-A066-2A32D752A2FF}</UniqueIdentifier>
      <Extensions>cpp;c;cc;cxx;def;odl;idl;hpj;bat;asm;asmx</Extensions>
    </Filter>
    <Filter Include="Header Files">
      <UniqueIdentifier>{93995380-89BD-4b04-88EB-625FBE52EBFB}</UniqueIdentifier>
      <Extensions>h;hh;hpp;hxx;hm;inl;inc;xsd</Extensions>
    </Filter>
    <Filter Include="Resource Files">
      <UniqueIdentifier>{67DA6AB6-F800-4c08-8B7A-83BB121AAD01}</UniqueIdentifier>
      <Extensions>rc;ico;cur;bmp;dlg;rc2;rct;bin;rgs;gif;jpg;jpeg;jpe;resx;tiff;tif;png;wav;mfcribbon-ms</Extensions>
    </Filter>
    <Filter Include="Aladdin">
      <UniqueIdentifier>{90eac6a5-4388-4481-88e6-d4715f1667ff}</UniqueIdentifier>
    </Filter>
    <Filter Include="Scene">
      <UniqueIdentifier>{fa8bd96b-37c4-4bda-8c4a-83461c0e8af0}</UniqueIdentifier>
    </Filter>
    <Filter Include="Aladdin\Header">
      <UniqueIdentifier>{85b884cb-c4c4-4754-8cc1-ff2823563940}</UniqueIdentifier>
    </Filter>
  </ItemGroup>
  <ItemGroup>
    <ClCompile Include="main.cpp">
      <Filter>Source Files</Filter>
    </ClCompile>
    <ClCompile Include="Game.cpp">
      <Filter>Source Files</Filter>
    </ClCompile>
    <ClCompile Include="Global.cpp">
      <Filter>Source Files</Filter>
    </ClCompile>
    <ClCompile Include="Ultils.cpp">
      <Filter>Source Files</Filter>
    </ClCompile>
    <ClCompile Include="AladdinGame.cpp">
      <Filter>Source Files</Filter>
    </ClCompile>
    <ClCompile Include="Sprite.cpp">
      <Filter>Source Files</Filter>
    </ClCompile>
    <ClCompile Include="MyRECT.cpp">
      <Filter>Source Files</Filter>
    </ClCompile>
    <ClCompile Include="AladdinCharacter.cpp">
      <Filter>Aladdin</Filter>
    </ClCompile>
    <ClCompile Include="AladdinHelper.cpp">
      <Filter>Aladdin</Filter>
    </ClCompile>
    <ClCompile Include="DemoScene.cpp">
      <Filter>Scene</Filter>
    </ClCompile>
    <ClCompile Include="SceneManager.cpp">
      <Filter>Scene</Filter>
    </ClCompile>
    <ClCompile Include="GameVisibleEntity.cpp">
      <Filter>Source Files</Filter>
    </ClCompile>
    <ClCompile Include="GameLog.cpp">
      <Filter>Source Files</Filter>
    </ClCompile>
    <ClCompile Include="AladdinState.cpp">
      <Filter>Aladdin</Filter>
    </ClCompile>
    <ClCompile Include="DemoMap.cpp">
      <Filter>Source Files</Filter>
    </ClCompile>
    <ClCompile Include="Camel.cpp">
      <Filter>Source Files</Filter>
    </ClCompile>
    <ClCompile Include="ObjectState.cpp">
      <Filter>Source Files</Filter>
    </ClCompile>
    <ClCompile Include="ObjectStateWithLoop.cpp">
      <Filter>Source Files</Filter>
    </ClCompile>
    <ClCompile Include="KeyboardHelper.cpp">
      <Filter>Source Files</Filter>
    </ClCompile>
  </ItemGroup>
  <ItemGroup>
    <ClInclude Include="Ultils.h">
      <Filter>Header Files</Filter>
    </ClInclude>
    <ClInclude Include="Sprite.h">
      <Filter>Header Files</Filter>
    </ClInclude>
    <ClInclude Include="AladdinGame.h">
      <Filter>Header Files</Filter>
    </ClInclude>
    <ClInclude Include="Game.h">
      <Filter>Header Files</Filter>
    </ClInclude>
    <ClInclude Include="Global.h">
      <Filter>Header Files</Filter>
    </ClInclude>
    <ClInclude Include="MyRECT.h">
      <Filter>Header Files</Filter>
    </ClInclude>
    <ClInclude Include="IScene.h">
      <Filter>Scene</Filter>
    </ClInclude>
    <ClInclude Include="Scene.h">
      <Filter>Scene</Filter>
    </ClInclude>
    <ClInclude Include="SceneManager.h">
      <Filter>Scene</Filter>
    </ClInclude>
    <ClInclude Include="DemoScene.h">
      <Filter>Scene</Filter>
    </ClInclude>
    <ClInclude Include="GameVisibleEntity.h">
      <Filter>Header Files</Filter>
    </ClInclude>
    <ClInclude Include="GameLog.h">
      <Filter>Source Files</Filter>
    </ClInclude>
    <ClInclude Include="AladdinState.h">
      <Filter>Aladdin\Header</Filter>
    </ClInclude>
    <ClInclude Include="AladdinCharacter.h">
      <Filter>Aladdin\Header</Filter>
    </ClInclude>
    <ClInclude Include="AladdinHelper.h">
      <Filter>Aladdin\Header</Filter>
    </ClInclude>
    <ClInclude Include="DemoMap.h">
      <Filter>Source Files</Filter>
    </ClInclude>
    <ClInclude Include="ObjectState.h">
      <Filter>Aladdin\Header</Filter>
    </ClInclude>
    <ClInclude Include="ObjectStateWithLoop.h">
      <Filter>Aladdin\Header</Filter>
    </ClInclude>
    <ClInclude Include="Camel.h">
      <Filter>Header Files</Filter>
    </ClInclude>
    <ClInclude Include="KeyboardHelper.h">
      <Filter>Header Files</Filter>
    </ClInclude>
  </ItemGroup>
  <ItemGroup>
    <None Include="ClassDiagram.cd" />
  </ItemGroup>
</Project>