<?xml version="1.0" encoding="utf-8"?>
<Project ToolsVersion="4.0" xmlns="http://schemas.microsoft.com/developer/msbuild/2003">
  <ItemGroup>
    <Filter Include="Source Files">
      <UniqueIdentifier>{4FC737F1-C7A5-4376-A066-2A32D752A2FF}</UniqueIdentifier>
      <Extensions>cpp;c;cc;cxx;def;odl;idl;hpj;bat;asm;asmx</Extensions>
    </Filter>
    <Filter Include="Header Files">
      <UniqueIdentifier>{93995380-89BD-4b04-88EB-625FBE52EBFB}</UniqueIdentifier>
      <Extensions>h;hh;hpp;hxx;hm;inl;inc;xsd</Extensions>
    </Filter>
    <Filter Include="Resource Files">
      <UniqueIdentifier>{67DA6AB6-F800-4c08-8B7A-83BB121AAD01}</UniqueIdentifier>
      <Extensions>rc;ico;cur;bmp;dlg;rc2;rct;bin;rgs;gif;jpg;jpeg;jpe;resx;tiff;tif;png;wav;mfcribbon-ms</Extensions>
    </Filter>
    <Filter Include="Aladdin">
      <UniqueIdentifier>{90eac6a5-4388-4481-88e6-d4715f1667ff}</UniqueIdentifier>
    </Filter>
    <Filter Include="Scene">
      <UniqueIdentifier>{fa8bd96b-37c4-4bda-8c4a-83461c0e8af0}</UniqueIdentifier>
    </Filter>
    <Filter Include="Aladdin\Header">
      <UniqueIdentifier>{85b884cb-c4c4-4754-8cc1-ff2823563940}</UniqueIdentifier>
    </Filter>
    <Filter Include="Object">
      <UniqueIdentifier>{173c0919-adf2-4af8-91b7-8396c6dd906b}</UniqueIdentifier>
    </Filter>
    <Filter Include="Framework">
      <UniqueIdentifier>{5d2dd06a-3fc2-415e-a6c5-8a97aa728df3}</UniqueIdentifier>
    </Filter>
    <Filter Include="Scene\Demo">
      <UniqueIdentifier>{40b303a9-ce18-4aa0-93ac-2a674add06f1}</UniqueIdentifier>
    </Filter>
    <Filter Include="Framework\QuadTree">
      <UniqueIdentifier>{e2745cea-d701-49e7-9df7-08c6193f879d}</UniqueIdentifier>
    </Filter>
  </ItemGroup>
  <ItemGroup>
    <ClCompile Include="main.cpp">
      <Filter>Source Files</Filter>
    </ClCompile>
    <ClCompile Include="AladdinCharacter.cpp">
      <Filter>Aladdin</Filter>
    </ClCompile>
    <ClCompile Include="SceneManager.cpp">
      <Filter>Scene</Filter>
    </ClCompile>
    <ClCompile Include="AladdinState.cpp">
      <Filter>Aladdin</Filter>
    </ClCompile>
    <ClCompile Include="Sprite.cpp">
      <Filter>Framework</Filter>
    </ClCompile>
    <ClCompile Include="Ultils.cpp">
      <Filter>Framework</Filter>
    </ClCompile>
    <ClCompile Include="ViewPort.cpp">
      <Filter>Framework</Filter>
    </ClCompile>
    <ClCompile Include="MyRECT.cpp">
      <Filter>Framework</Filter>
    </ClCompile>
    <ClCompile Include="Camera.cpp">
      <Filter>Framework</Filter>
    </ClCompile>
    <ClCompile Include="Collision.cpp">
      <Filter>Framework</Filter>
    </ClCompile>
    <ClCompile Include="Game.cpp">
      <Filter>Framework</Filter>
    </ClCompile>
    <ClCompile Include="Camel.cpp">
      <Filter>Object</Filter>
    </ClCompile>
    <ClCompile Include="DemoScene.cpp">
      <Filter>Scene\Demo</Filter>
    </ClCompile>
    <ClCompile Include="DemoMap.cpp">
      <Filter>Scene\Demo</Filter>
    </ClCompile>
    <ClCompile Include="GraphicsHelper.cpp">
      <Filter>Framework</Filter>
    </ClCompile>
    <ClCompile Include="KeyboardHelper.cpp">
      <Filter>Framework</Filter>
    </ClCompile>
    <ClCompile Include="Global.cpp">
      <Filter>Framework</Filter>
    </ClCompile>
    <ClCompile Include="ThrowApple.cpp">
      <Filter>Object</Filter>
    </ClCompile>
    <ClCompile Include="ObjectState.cpp">
      <Filter>Object</Filter>
    </ClCompile>
    <ClCompile Include="ObjectStateWithLoop.cpp">
      <Filter>Object</Filter>
    </ClCompile>
    <ClCompile Include="GameVisibleEntity.cpp">
      <Filter>Object</Filter>
    </ClCompile>
    <ClCompile Include="GameLog.cpp">
      <Filter>Framework</Filter>
    </ClCompile>
    <ClCompile Include="Map.cpp">
      <Filter>Scene</Filter>
    </ClCompile>
    <ClCompile Include="AladdinGame.cpp">
      <Filter>Framework</Filter>
    </ClCompile>
    <ClCompile Include="QNode.cpp">
      <Filter>Framework\QuadTree</Filter>
    </ClCompile>
    <ClCompile Include="QuadTree.cpp">
      <Filter>Framework\QuadTree</Filter>
    </ClCompile>
    <ClCompile Include="CTreeObject.cpp">
      <Filter>Framework\QuadTree</Filter>
    </ClCompile>
    <ClCompile Include="Ground.cpp">
      <Filter>Source Files</Filter>
    </ClCompile>
    <ClCompile Include="StoppingDust.cpp">
      <Filter>Source Files</Filter>
    </ClCompile>
  </ItemGroup>
  <ItemGroup>
    <ClInclude Include="IScene.h">
      <Filter>Scene</Filter>
    </ClInclude>
    <ClInclude Include="SceneManager.h">
      <Filter>Scene</Filter>
    </ClInclude>
    <ClInclude Include="AladdinState.h">
      <Filter>Aladdin\Header</Filter>
    </ClInclude>
    <ClInclude Include="AladdinCharacter.h">
      <Filter>Aladdin\Header</Filter>
    </ClInclude>
    <ClInclude Include="Ground.h">
      <Filter>Object</Filter>
    </ClInclude>
    <ClInclude Include="ThrowApple.h">
      <Filter>Object</Filter>
    </ClInclude>
    <ClInclude Include="DemoScene.h">
      <Filter>Scene\Demo</Filter>
    </ClInclude>
    <ClInclude Include="DemoMap.h">
      <Filter>Scene\Demo</Filter>
    </ClInclude>
    <ClInclude Include="GameLog.h">
      <Filter>Framework</Filter>
    </ClInclude>
    <ClInclude Include="Camel.h">
      <Filter>Object</Filter>
    </ClInclude>
    <ClInclude Include="Camera.h">
      <Filter>Framework</Filter>
    </ClInclude>
    <ClInclude Include="Collision.h">
      <Filter>Framework</Filter>
    </ClInclude>
    <ClInclude Include="Game.h">
      <Filter>Framework</Filter>
    </ClInclude>
    <ClInclude Include="Global.h">
      <Filter>Framework</Filter>
    </ClInclude>
    <ClInclude Include="GraphicsHelper.h">
      <Filter>Framework</Filter>
    </ClInclude>
    <ClInclude Include="KeyboardHelper.h">
      <Filter>Framework</Filter>
    </ClInclude>
    <ClInclude Include="MyRECT.h">
      <Filter>Framework</Filter>
    </ClInclude>
    <ClInclude Include="Sprite.h">
      <Filter>Framework</Filter>
    </ClInclude>
    <ClInclude Include="Ultils.h">
      <Filter>Framework</Filter>
    </ClInclude>
    <ClInclude Include="ViewPort.h">
      <Filter>Framework</Filter>
    </ClInclude>
    <ClInclude Include="ObjectState.h">
      <Filter>Object</Filter>
    </ClInclude>
    <ClInclude Include="ObjectStateWithLoop.h">
      <Filter>Object</Filter>
    </ClInclude>
    <ClInclude Include="Map.h">
      <Filter>Scene</Filter>
    </ClInclude>
    <ClInclude Include="GameVisibleEntity.h">
      <Filter>Object</Filter>
    </ClInclude>
    <ClInclude Include="AladdinGame.h">
      <Filter>Framework</Filter>
    </ClInclude>
    <ClInclude Include="QNode.h">
      <Filter>Framework\QuadTree</Filter>
    </ClInclude>
    <ClInclude Include="QuadTree.h">
      <Filter>Framework\QuadTree</Filter>
    </ClInclude>
    <ClInclude Include="CTreeObject.h">
      <Filter>Framework\QuadTree</Filter>
    </ClInclude>
    <ClInclude Include="StoppingDust.h">
      <Filter>Object</Filter>
    </ClInclude>
  </ItemGroup>
  <ItemGroup>
    <None Include="ClassDiagram.cd" />
    <None Include="ClassDiagram1.cd" />
  </ItemGroup>
</Project>